// !$*UTF8*$!
{
	archiveVersion = 1;
	classes = {
	};
	objectVersion = 50;
	objects = {

/* Begin PBXBuildFile section */
		716D0A9C2520D8E200BD772F /* AppDelegate.swift in Sources */ = {isa = PBXBuildFile; fileRef = 716D0A9B2520D8E200BD772F /* AppDelegate.swift */; };
		716D0A9E2520D8E200BD772F /* SceneDelegate.swift in Sources */ = {isa = PBXBuildFile; fileRef = 716D0A9D2520D8E200BD772F /* SceneDelegate.swift */; };
		716D0AA02520D8E200BD772F /* ViewController.swift in Sources */ = {isa = PBXBuildFile; fileRef = 716D0A9F2520D8E200BD772F /* ViewController.swift */; };
		716D0AA32520D8E200BD772F /* Main.storyboard in Resources */ = {isa = PBXBuildFile; fileRef = 716D0AA12520D8E200BD772F /* Main.storyboard */; };
		716D0AA52520D8E400BD772F /* Assets.xcassets in Resources */ = {isa = PBXBuildFile; fileRef = 716D0AA42520D8E400BD772F /* Assets.xcassets */; };
		716D0AA82520D8E400BD772F /* LaunchScreen.storyboard in Resources */ = {isa = PBXBuildFile; fileRef = 716D0AA62520D8E400BD772F /* LaunchScreen.storyboard */; };
/* End PBXBuildFile section */

/* Begin PBXFileReference section */
		716D0A982520D8E200BD772F /* iOS-cw5-xo+hw.app */ = {isa = PBXFileReference; explicitFileType = wrapper.application; includeInIndex = 0; path = "iOS-cw5-xo+hw.app"; sourceTree = BUILT_PRODUCTS_DIR; };
		716D0A9B2520D8E200BD772F /* AppDelegate.swift */ = {isa = PBXFileReference; lastKnownFileType = sourcecode.swift; path = AppDelegate.swift; sourceTree = "<group>"; };
		716D0A9D2520D8E200BD772F /* SceneDelegate.swift */ = {isa = PBXFileReference; lastKnownFileType = sourcecode.swift; path = SceneDelegate.swift; sourceTree = "<group>"; };
		716D0A9F2520D8E200BD772F /* ViewController.swift */ = {isa = PBXFileReference; lastKnownFileType = sourcecode.swift; path = ViewController.swift; sourceTree = "<group>"; };
		716D0AA22520D8E200BD772F /* Base */ = {isa = PBXFileReference; lastKnownFileType = file.storyboard; name = Base; path = Base.lproj/Main.storyboard; sourceTree = "<group>"; };
		716D0AA42520D8E400BD772F /* Assets.xcassets */ = {isa = PBXFileReference; lastKnownFileType = folder.assetcatalog; path = Assets.xcassets; sourceTree = "<group>"; };
		716D0AA72520D8E400BD772F /* Base */ = {isa = PBXFileReference; lastKnownFileType = file.storyboard; name = Base; path = Base.lproj/LaunchScreen.storyboard; sourceTree = "<group>"; };
		716D0AA92520D8E400BD772F /* Info.plist */ = {isa = PBXFileReference; lastKnownFileType = text.plist.xml; path = Info.plist; sourceTree = "<group>"; };
/* End PBXFileReference section */

/* Begin PBXFrameworksBuildPhase section */
		716D0A952520D8E200BD772F /* Frameworks */ = {
			isa = PBXFrameworksBuildPhase;
			buildActionMask = 2147483647;
			files = (
			);
			runOnlyForDeploymentPostprocessing = 0;
		};
/* End PBXFrameworksBuildPhase section */

/* Begin PBXGroup section */
		716D0A8F2520D8E200BD772F = {
			isa = PBXGroup;
			children = (
				716D0A9A2520D8E200BD772F /* iOS-cw5-xo+hw */,
				716D0A992520D8E200BD772F /* Products */,
			);
			sourceTree = "<group>";
		};
		716D0A992520D8E200BD772F /* Products */ = {
			isa = PBXGroup;
			children = (
				716D0A982520D8E200BD772F /* iOS-cw5-xo+hw.app */,
			);
			name = Products;
			sourceTree = "<group>";
		};
		716D0A9A2520D8E200BD772F /* iOS-cw5-xo+hw */ = {
			isa = PBXGroup;
			children = (
				716D0A9B2520D8E200BD772F /* AppDelegate.swift */,
				716D0A9D2520D8E200BD772F /* SceneDelegate.swift */,
				716D0A9F2520D8E200BD772F /* ViewController.swift */,
				716D0AA12520D8E200BD772F /* Main.storyboard */,
				716D0AA42520D8E400BD772F /* Assets.xcassets */,
				716D0AA62520D8E400BD772F /* LaunchScreen.storyboard */,
				716D0AA92520D8E400BD772F /* Info.plist */,
			);
			path = "iOS-cw5-xo+hw";
			sourceTree = "<group>";
		};
/* End PBXGroup section */

/* Begin PBXNativeTarget section */
		716D0A972520D8E200BD772F /* iOS-cw5-xo+hw */ = {
			isa = PBXNativeTarget;
			buildConfigurationList = 716D0AAC2520D8E400BD772F /* Build configuration list for PBXNativeTarget "iOS-cw5-xo+hw" */;
			buildPhases = (
				716D0A942520D8E200BD772F /* Sources */,
				716D0A952520D8E200BD772F /* Frameworks */,
				716D0A962520D8E200BD772F /* Resources */,
			);
			buildRules = (
			);
			dependencies = (
			);
			name = "iOS-cw5-xo+hw";
			productName = "iOS-cw5-xo+hw";
			productReference = 716D0A982520D8E200BD772F /* iOS-cw5-xo+hw.app */;
			productType = "com.apple.product-type.application";
		};
/* End PBXNativeTarget section */

/* Begin PBXProject section */
		716D0A902520D8E200BD772F /* Project object */ = {
			isa = PBXProject;
			attributes = {
				LastSwiftUpdateCheck = 1170;
				LastUpgradeCheck = 1170;
				ORGANIZATIONNAME = "deemah saad aldaihane";
				TargetAttributes = {
					716D0A972520D8E200BD772F = {
						CreatedOnToolsVersion = 11.7;
					};
				};
			};
			buildConfigurationList = 716D0A932520D8E200BD772F /* Build configuration list for PBXProject "iOS-cw5-xo+hw" */;
			compatibilityVersion = "Xcode 9.3";
			developmentRegion = en;
			hasScannedForEncodings = 0;
			knownRegions = (
				en,
				Base,
			);
			mainGroup = 716D0A8F2520D8E200BD772F;
			productRefGroup = 716D0A992520D8E200BD772F /* Products */;
			projectDirPath = "";
			projectRoot = "";
			targets = (
				716D0A972520D8E200BD772F /* iOS-cw5-xo+hw */,
			);
		};
/* End PBXProject section */

/* Begin PBXResourcesBuildPhase section */
		716D0A962520D8E200BD772F /* Resources */ = {
			isa = PBXResourcesBuildPhase;
			buildActionMask = 2147483647;
			files = (
				716D0AA82520D8E400BD772F /* LaunchScreen.storyboard in Resources */,
				716D0AA52520D8E400BD772F /* Assets.xcassets in Resources */,
				716D0AA32520D8E200BD772F /* Main.storyboard in Resources */,
			);
			runOnlyForDeploymentPostprocessing = 0;
		};
/* End PBXResourcesBuildPhase section */

/* Begin PBXSourcesBuildPhase section */
		716D0A942520D8E200BD772F /* Sources */ = {
			isa = PBXSourcesBuildPhase;
			buildActionMask = 2147483647;
			files = (
				716D0AA02520D8E200BD772F /* ViewController.swift in Sources */,
				716D0A9C2520D8E200BD772F /* AppDelegate.swift in Sources */,
				716D0A9E2520D8E200BD772F /* SceneDelegate.swift in Sources */,
			);
			runOnlyForDeploymentPostprocessing = 0;
		};
/* End PBXSourcesBuildPhase section */

/* Begin PBXVariantGroup section */
		716D0AA12520D8E200BD772F /* Main.storyboard */ = {
			isa = PBXVariantGroup;
			children = (
				716D0AA22520D8E200BD772F /* Base */,
			);
			name = Main.storyboard;
			sourceTree = "<group>";
		};
		716D0AA62520D8E400BD772F /* LaunchScreen.storyboard */ = {
			isa = PBXVariantGroup;
			children = (
				716D0AA72520D8E400BD772F /* Base */,
			);
			name = LaunchScreen.storyboard;
			sourceTree = "<group>";
		};
/* End PBXVariantGroup section */

/* Begin XCBuildConfiguration section */
		716D0AAA2520D8E400BD772F /* Debug */ = {
			isa = XCBuildConfiguration;
			buildSettings = {
				ALWAYS_SEARCH_USER_PATHS = NO;
				CLANG_ANALYZER_NONNULL = YES;
				CLANG_ANALYZER_NUMBER_OBJECT_CONVERSION = YES_AGGRESSIVE;
				CLANG_CXX_LANGUAGE_STANDARD = "gnu++14";
				CLANG_CXX_LIBRARY = "libc++";
				CLANG_ENABLE_MODULES = YES;
				CLANG_ENABLE_OBJC_ARC = YES;
				CLANG_ENABLE_OBJC_WEAK = YES;
				CLANG_WARN_BLOCK_CAPTURE_AUTORELEASING = YES;
				CLANG_WARN_BOOL_CONVERSION = YES;
				CLANG_WARN_COMMA = YES;
				CLANG_WARN_CONSTANT_CONVERSION = YES;
				CLANG_WARN_DEPRECATED_OBJC_IMPLEMENTATIONS = YES;
				CLANG_WARN_DIRECT_OBJC_ISA_USAGE = YES_ERROR;
				CLANG_WARN_DOCUMENTATION_COMMENTS = YES;
				CLANG_WARN_EMPTY_BODY = YES;
				CLANG_WARN_ENUM_CONVERSION = YES;
				CLANG_WARN_INFINITE_RECURSION = YES;
				CLANG_WARN_INT_CONVERSION = YES;
				CLANG_WARN_NON_LITERAL_NULL_CONVERSION = YES;
				CLANG_WARN_OBJC_IMPLICIT_RETAIN_SELF = YES;
				CLANG_WARN_OBJC_LITERAL_CONVERSION = YES;
				CLANG_WARN_OBJC_ROOT_CLASS = YES_ERROR;
				CLANG_WARN_RANGE_LOOP_ANALYSIS = YES;
				CLANG_WARN_STRICT_PROTOTYPES = YES;
				CLANG_WARN_SUSPICIOUS_MOVE = YES;
				CLANG_WARN_UNGUARDED_AVAILABILITY = YES_AGGRESSIVE;
				CLANG_WARN_UNREACHABLE_CODE = YES;
				CLANG_WARN__DUPLICATE_METHOD_MATCH = YES;
				COPY_PHASE_STRIP = NO;
				DEBUG_INFORMATION_FORMAT = dwarf;
				ENABLE_STRICT_OBJC_MSGSEND = YES;
				ENABLE_TESTABILITY = YES;
				GCC_C_LANGUAGE_STANDARD = gnu11;
				GCC_DYNAMIC_NO_PIC = NO;
				GCC_NO_COMMON_BLOCKS = YES;
				GCC_OPTIMIZATION_LEVEL = 0;
				GCC_PREPROCESSOR_DEFINITIONS = (
					"DEBUG=1",
					"$(inherited)",
				);
				GCC_WARN_64_TO_32_BIT_CONVERSION = YES;
				GCC_WARN_ABOUT_RETURN_TYPE = YES_ERROR;
				GCC_WARN_UNDECLARED_SELECTOR = YES;
				GCC_WARN_UNINITIALIZED_AUTOS = YES_AGGRESSIVE;
				GCC_WARN_UNUSED_FUNCTION = YES;
				GCC_WARN_UNUSED_VARIABLE = YES;
				IPHONEOS_DEPLOYMENT_TARGET = 13.7;
				MTL_ENABLE_DEBUG_INFO = INCLUDE_SOURCE;
				MTL_FAST_MATH = YES;
				ONLY_ACTIVE_ARCH = YES;
				SDKROOT = iphoneos;
				SWIFT_ACTIVE_COMPILATION_CONDITIONS = DEBUG;
				SWIFT_OPTIMIZATION_LEVEL = "-Onone";
			};
			name = Debug;
		};
		716D0AAB2520D8E400BD772F /* Release */ = {
			isa = XCBuildConfiguration;
			buildSettings = {
				ALWAYS_SEARCH_USER_PATHS = NO;
				CLANG_ANALYZER_NONNULL = YES;
				CLANG_ANALYZER_NUMBER_OBJECT_CONVERSION = YES_AGGRESSIVE;
				CLANG_CXX_LANGUAGE_STANDARD = "gnu++14";
				CLANG_CXX_LIBRARY = "libc++";
				CLANG_ENABLE_MODULES = YES;
				CLANG_ENABLE_OBJC_ARC = YES;
				CLANG_ENABLE_OBJC_WEAK = YES;
				CLANG_WARN_BLOCK_CAPTURE_AUTORELEASING = YES;
				CLANG_WARN_BOOL_CONVERSION = YES;
				CLANG_WARN_COMMA = YES;
				CLANG_WARN_CONSTANT_CONVERSION = YES;
				CLANG_WARN_DEPRECATED_OBJC_IMPLEMENTATIONS = YES;
				CLANG_WARN_DIRECT_OBJC_ISA_USAGE = YES_ERROR;
				CLANG_WARN_DOCUMENTATION_COMMENTS = YES;
				CLANG_WARN_EMPTY_BODY = YES;
				CLANG_WARN_ENUM_CONVERSION = YES;
				CLANG_WARN_INFINITE_RECURSION = YES;
				CLANG_WARN_INT_CONVERSION = YES;
				CLANG_WARN_NON_LITERAL_NULL_CONVERSION = YES;
				CLANG_WARN_OBJC_IMPLICIT_RETAIN_SELF = YES;
				CLANG_WARN_OBJC_LITERAL_CONVERSION = YES;
				CLANG_WARN_OBJC_ROOT_CLASS = YES_ERROR;
				CLANG_WARN_RANGE_LOOP_ANALYSIS = YES;
				CLANG_WARN_STRICT_PROTOTYPES = YES;
				CLANG_WARN_SUSPICIOUS_MOVE = YES;
				CLANG_WARN_UNGUARDED_AVAILABILITY = YES_AGGRESSIVE;
				CLANG_WARN_UNREACHABLE_CODE = YES;
				CLANG_WARN__DUPLICATE_METHOD_MATCH = YES;
				COPY_PHASE_STRIP = NO;
				DEBUG_INFORMATION_FORMAT = "dwarf-with-dsym";
				ENABLE_NS_ASSERTIONS = NO;
				ENABLE_STRICT_OBJC_MSGSEND = YES;
				GCC_C_LANGUAGE_STANDARD = gnu11;
				GCC_NO_COMMON_BLOCKS = YES;
				GCC_WARN_64_TO_32_BIT_CONVERSION = YES;
				GCC_WARN_ABOUT_RETURN_TYPE = YES_ERROR;
				GCC_WARN_UNDECLARED_SELECTOR = YES;
				GCC_WARN_UNINITIALIZED_AUTOS = YES_AGGRESSIVE;
				GCC_WARN_UNUSED_FUNCTION = YES;
				GCC_WARN_UNUSED_VARIABLE = YES;
				IPHONEOS_DEPLOYMENT_TARGET = 13.7;
				MTL_ENABLE_DEBUG_INFO = NO;
				MTL_FAST_MATH = YES;
				SDKROOT = iphoneos;
				SWIFT_COMPILATION_MODE = wholemodule;
				SWIFT_OPTIMIZATION_LEVEL = "-O";
				VALIDATE_PRODUCT = YES;
			};
			name = Release;
		};
		716D0AAD2520D8E400BD772F /* Debug */ = {
			isa = XCBuildConfiguration;
			buildSettings = {
				ASSETCATALOG_COMPILER_APPICON_NAME = AppIcon;
				CODE_SIGN_STYLE = Automatic;
				INFOPLIST_FILE = "iOS-cw5-xo+hw/Info.plist";
				IPHONEOS_DEPLOYMENT_TARGET = 13.0;
				LD_RUNPATH_SEARCH_PATHS = (
					"$(inherited)",
					"@executable_path/Frameworks",
				);
				PRODUCT_BUNDLE_IDENTIFIER = "deemah.com.iOS-cw5-xo-hw";
				PRODUCT_NAME = "$(TARGET_NAME)";
				SWIFT_VERSION = 5.0;
				TARGETED_DEVICE_FAMILY = "1,2";
			};
			name = Debug;
		};
		716D0AAE2520D8E400BD772F /* Release */ = {
			isa = XCBuildConfiguration;
			buildSettings = {
				ASSETCATALOG_COMPILER_APPICON_NAME = AppIcon;
				CODE_SIGN_STYLE = Automatic;
				INFOPLIST_FILE = "iOS-cw5-xo+hw/Info.plist";
				IPHONEOS_DEPLOYMENT_TARGET = 13.0;
				LD_RUNPATH_SEARCH_PATHS = (
					"$(inherited)",
					"@executable_path/Frameworks",
				);
				PRODUCT_BUNDLE_IDENTIFIER = "deemah.com.iOS-cw5-xo-hw";
				PRODUCT_NAME = "$(TARGET_NAME)";
				SWIFT_VERSION = 5.0;
				TARGETED_DEVICE_FAMILY = "1,2";
			};
			name = Release;
		};
/* End XCBuildConfiguration section */

/* Begin XCConfigurationList section */
		716D0A932520D8E200BD772F /* Build configuration list for PBXProject "iOS-cw5-xo+hw" */ = {
			isa = XCConfigurationList;
			buildConfigurations = (
				716D0AAA2520D8E400BD772F /* Debug */,
				716D0AAB2520D8E400BD772F /* Release */,
			);
			defaultConfigurationIsVisible = 0;
			defaultConfigurationName = Release;
		};
		716D0AAC2520D8E400BD772F /* Build configuration list for PBXNativeTarget "iOS-cw5-xo+hw" */ = {
			isa = XCConfigurationList;
			buildConfigurations = (
				716D0AAD2520D8E400BD772F /* Debug */,
				716D0AAE2520D8E400BD772F /* Release */,
			);
			defaultConfigurationIsVisible = 0;
			defaultConfigurationName = Release;
		};
/* End XCConfigurationList section */
	};
	rootObject = 716D0A902520D8E200BD772F /* Project object */;
}
